
Microsoft Visual Studio Solution File, Format Version 12.00
# Visual Studio Version 17
VisualStudioVersion = 17.7.34031.279
MinimumVisualStudioVersion = 10.0.40219.1
Project("{FAE04EC0-301F-11D3-BF4B-00C04F79EFBC}") = "RandBox.Server", "RandBox\Server\RandBox.Server.csproj", "{785191F5-B6B9-49A6-A19F-D611EF279003}"
EndProject
Project("{FAE04EC0-301F-11D3-BF4B-00C04F79EFBC}") = "RandBox.Client", "RandBox\Client\RandBox.Client.csproj", "{7320D2C2-75C1-498F-8BEF-B1981368CEB4}"
EndProject
Project("{FAE04EC0-301F-11D3-BF4B-00C04F79EFBC}") = "RandBox.Shared", "RandBox\Shared\RandBox.Shared.csproj", "{FA80B335-15F3-49E3-BF26-076CCE22D06C}"
EndProject
Global
	GlobalSection(SolutionConfigurationPlatforms) = preSolution
		Debug|Any CPU = Debug|Any CPU
		Release|Any CPU = Release|Any CPU
	EndGlobalSection
	GlobalSection(ProjectConfigurationPlatforms) = postSolution
		{785191F5-B6B9-49A6-A19F-D611EF279003}.Debug|Any CPU.ActiveCfg = Debug|Any CPU
		{785191F5-B6B9-49A6-A19F-D611EF279003}.Debug|Any CPU.Build.0 = Debug|Any CPU
		{785191F5-B6B9-49A6-A19F-D611EF279003}.Release|Any CPU.ActiveCfg = Release|Any CPU
		{785191F5-B6B9-49A6-A19F-D611EF279003}.Release|Any CPU.Build.0 = Release|Any CPU
		{7320D2C2-75C1-498F-8BEF-B1981368CEB4}.Debug|Any CPU.ActiveCfg = Debug|Any CPU
		{7320D2C2-75C1-498F-8BEF-B1981368CEB4}.Debug|Any CPU.Build.0 = Debug|Any CPU
		{7320D2C2-75C1-498F-8BEF-B1981368CEB4}.Release|Any CPU.ActiveCfg = Release|Any CPU
		{7320D2C2-75C1-498F-8BEF-B1981368CEB4}.Release|Any CPU.Build.0 = Release|Any CPU
		{FA80B335-15F3-49E3-BF26-076CCE22D06C}.Debug|Any CPU.ActiveCfg = Debug|Any CPU
		{FA80B335-15F3-49E3-BF26-076CCE22D06C}.Debug|Any CPU.Build.0 = Debug|Any CPU
		{FA80B335-15F3-49E3-BF26-076CCE22D06C}.Release|Any CPU.ActiveCfg = Release|Any CPU
		{FA80B335-15F3-49E3-BF26-076CCE22D06C}.Release|Any CPU.Build.0 = Release|Any CPU
	EndGlobalSection
	GlobalSection(SolutionProperties) = preSolution
		HideSolutionNode = FALSE
	EndGlobalSection
	GlobalSection(ExtensibilityGlobals) = postSolution
		SolutionGuid = {512C3AE5-0317-4C2A-BCEF-C6E706263E2E}
	EndGlobalSection
EndGlobal
